<?xml version="1.0" encoding="utf-8"?>
<Project ToolsVersion="4.0" xmlns="http://schemas.microsoft.com/developer/msbuild/2003">
  <ItemGroup >
    <Filter Include="Header Files">
      <UniqueIdentifier>{922C6F41-C460-59B1-3A59-D4FA6DDC9C37}</UniqueIdentifier>
    </Filter>
    <Filter Include="Header Files\Common Header Files">
      <UniqueIdentifier>{4087E5EB-DF0D-7B61-CFAC-0EC0F05FDB40}</UniqueIdentifier>
    </Filter>
    <Filter Include="Header Files\Public Header Files">
      <UniqueIdentifier>{4B4C433C-0339-C2E6-6B2D-E14F629DEEF5}</UniqueIdentifier>
    </Filter>
    <Filter Include="Link Libraries">
      <UniqueIdentifier>{6D11200E-4206-7C82-1DCE-61EA5E3FE718}</UniqueIdentifier>
    </Filter>
    <Filter Include="Source Files">
      <UniqueIdentifier>{9A3C0498-7C60-1BDF-BDF7-06BDDE4E468F}</UniqueIdentifier>
    </Filter>
    <Filter Include="Source Files\Common Files">
      <UniqueIdentifier>{328DBAF9-D293-E3FA-82AC-445C4874D1BC}</UniqueIdentifier>
    </Filter>
    <Filter Include="Source Files\Public Files">
      <UniqueIdentifier>{7F242FA5-4C61-61DC-0F32-E8FFB08AE2BC}</UniqueIdentifier>
    </Filter>
    <Filter Include="VPC Scripts">
      <UniqueIdentifier>{308191AE-A754-30DF-D5BD-5928E19D585F}</UniqueIdentifier>
    </Filter>
  </ItemGroup>
  <ItemGroup >
    <Library Include="..\..\lib\public\x64\bitmap.lib">
      <Filter>Link Libraries</Filter>
    </Library>
    <Library Include="..\..\lib\common\x64\2015\release\lzma.lib">
      <Filter>Link Libraries</Filter>
    </Library>
    <Library Include="..\..\lib\public\x64\mathlib.lib">
      <Filter>Link Libraries</Filter>
    </Library>
    <Library Include="..\..\lib\public\x64\raytrace.lib">
      <Filter>Link Libraries</Filter>
    </Library>
    <Library Include="..\..\lib\public\x64\tier0.lib">
      <Filter>Link Libraries</Filter>
    </Library>
    <Library Include="..\..\lib\public\x64\tier1.lib">
      <Filter>Link Libraries</Filter>
    </Library>
    <Library Include="..\..\lib\public\x64\tier2.lib">
      <Filter>Link Libraries</Filter>
    </Library>
    <Library Include="..\..\lib\public\x64\vstdlib.lib">
      <Filter>Link Libraries</Filter>
    </Library>
    <Library Include="..\..\lib\public\x64\vtf.lib">
      <Filter>Link Libraries</Filter>
    </Library>
  </ItemGroup>
  <ItemGroup >
    <ClInclude Include="disp_vrad.h">
      <Filter>Header Files</Filter>
    </ClInclude>
    <ClInclude Include="iincremental.h">
      <Filter>Header Files</Filter>
    </ClInclude>
    <ClInclude Include="imagepacker.h">
      <Filter>Header Files</Filter>
    </ClInclude>
    <ClInclude Include="incremental.h">
      <Filter>Header Files</Filter>
    </ClInclude>
    <ClInclude Include="leaf_ambient_lighting.h">
      <Filter>Header Files</Filter>
    </ClInclude>
    <ClInclude Include="lightmap.h">
      <Filter>Header Files</Filter>
    </ClInclude>
    <ClInclude Include="macro_texture.h">
      <Filter>Header Files</Filter>
    </ClInclude>
    <ClInclude Include="..\..\public\map_utils.h">
      <Filter>Header Files</Filter>
    </ClInclude>
    <ClInclude Include="radial.h">
      <Filter>Header Files</Filter>
    </ClInclude>
    <ClInclude Include="..\..\public\bitmap\tgawriter.h">
      <Filter>Header Files</Filter>
    </ClInclude>
    <ClInclude Include="vismat.h">
      <Filter>Header Files</Filter>
    </ClInclude>
    <ClInclude Include="vrad.h">
      <Filter>Header Files</Filter>
    </ClInclude>
    <ClInclude Include="VRAD_DispColl.h">
      <Filter>Header Files</Filter>
    </ClInclude>
    <ClInclude Include="vraddetailprops.h">
      <Filter>Header Files</Filter>
    </ClInclude>
    <ClInclude Include="vraddll.h">
      <Filter>Header Files</Filter>
    </ClInclude>
    <ClInclude Include="..\common\bsplib.h">
      <Filter>Header Files\Common Header Files</Filter>
    </ClInclude>
    <ClInclude Include="..\common\cmdlib.h">
      <Filter>Header Files\Common Header Files</Filter>
    </ClInclude>
    <ClInclude Include="..\common\consolewnd.h">
      <Filter>Header Files\Common Header Files</Filter>
    </ClInclude>
    <ClInclude Include="..\common\ISQLDBReplyTarget.h">
      <Filter>Header Files\Common Header Files</Filter>
    </ClInclude>
    <ClInclude Include="..\common\map_shared.h">
      <Filter>Header Files\Common Header Files</Filter>
    </ClInclude>
    <ClInclude Include="..\common\MySqlDatabase.h">
      <Filter>Header Files\Common Header Files</Filter>
    </ClInclude>
    <ClInclude Include="..\common\pacifier.h">
      <Filter>Header Files\Common Header Files</Filter>
    </ClInclude>
    <ClInclude Include="..\common\polylib.h">
      <Filter>Header Files\Common Header Files</Filter>
    </ClInclude>
    <ClInclude Include="..\common\scriplib.h">
      <Filter>Header Files\Common Header Files</Filter>
    </ClInclude>
    <ClInclude Include="..\common\threads.h">
      <Filter>Header Files\Common Header Files</Filter>
    </ClInclude>
    <ClInclude Include="..\common\utilmatlib.h">
      <Filter>Header Files\Common Header Files</Filter>
    </ClInclude>
    <ClInclude Include="..\..\public\mathlib\amd3dx.h">
      <Filter>Header Files\Public Header Files</Filter>
    </ClInclude>
    <ClInclude Include="..\..\public\mathlib\ANORMS.H">
      <Filter>Header Files\Public Header Files</Filter>
    </ClInclude>
    <ClInclude Include="..\..\public\basehandle.h">
      <Filter>Header Files\Public Header Files</Filter>
    </ClInclude>
    <ClInclude Include="..\..\public\tier0\basetypes.h">
      <Filter>Header Files\Public Header Files</Filter>
    </ClInclude>
    <ClInclude Include="..\..\public\tier1\bitbuf.h">
      <Filter>Header Files\Public Header Files</Filter>
    </ClInclude>
    <ClInclude Include="..\..\public\bitvec.h">
      <Filter>Header Files\Public Header Files</Filter>
    </ClInclude>
    <ClInclude Include="..\..\public\BSPFILE.H">
      <Filter>Header Files\Public Header Files</Filter>
    </ClInclude>
    <ClInclude Include="..\..\public\bspflags.h">
      <Filter>Header Files\Public Header Files</Filter>
    </ClInclude>
    <ClInclude Include="..\..\public\BSPTreeData.h">
      <Filter>Header Files\Public Header Files</Filter>
    </ClInclude>
    <ClInclude Include="..\..\public\builddisp.h">
      <Filter>Header Files\Public Header Files</Filter>
    </ClInclude>
    <ClInclude Include="..\..\public\mathlib\bumpvects.h">
      <Filter>Header Files\Public Header Files</Filter>
    </ClInclude>
    <ClInclude Include="..\..\public\tier1\byteswap.h">
      <Filter>Header Files\Public Header Files</Filter>
    </ClInclude>
    <ClInclude Include="..\..\public\tier1\characterset.h">
      <Filter>Header Files\Public Header Files</Filter>
    </ClInclude>
    <ClInclude Include="..\..\public\tier1\checksum_crc.h">
      <Filter>Header Files\Public Header Files</Filter>
    </ClInclude>
    <ClInclude Include="..\..\public\tier1\checksum_md5.h">
      <Filter>Header Files\Public Header Files</Filter>
    </ClInclude>
    <ClInclude Include="..\..\public\ChunkFile.h">
      <Filter>Header Files\Public Header Files</Filter>
    </ClInclude>
    <ClInclude Include="..\..\public\cmodel.h">
      <Filter>Header Files\Public Header Files</Filter>
    </ClInclude>
    <ClInclude Include="..\..\public\CollisionUtils.h">
      <Filter>Header Files\Public Header Files</Filter>
    </ClInclude>
    <ClInclude Include="..\..\public\tier0\commonmacros.h">
      <Filter>Header Files\Public Header Files</Filter>
    </ClInclude>
    <ClInclude Include="..\..\public\mathlib\compressed_vector.h">
      <Filter>Header Files\Public Header Files</Filter>
    </ClInclude>
    <ClInclude Include="..\..\public\const.h">
      <Filter>Header Files\Public Header Files</Filter>
    </ClInclude>
    <ClInclude Include="..\..\public\coordsize.h">
      <Filter>Header Files\Public Header Files</Filter>
    </ClInclude>
    <ClInclude Include="..\..\public\tier0\dbg.h">
      <Filter>Header Files\Public Header Files</Filter>
    </ClInclude>
    <ClInclude Include="..\..\public\disp_common.h">
      <Filter>Header Files\Public Header Files</Filter>
    </ClInclude>
    <ClInclude Include="..\..\public\disp_powerinfo.h">
      <Filter>Header Files\Public Header Files</Filter>
    </ClInclude>
    <ClInclude Include="..\..\public\disp_vertindex.h">
      <Filter>Header Files\Public Header Files</Filter>
    </ClInclude>
    <ClInclude Include="..\..\public\DispColl_Common.h">
      <Filter>Header Files\Public Header Files</Filter>
    </ClInclude>
    <ClInclude Include="..\..\public\tier0\fasttimer.h">
      <Filter>Header Files\Public Header Files</Filter>
    </ClInclude>
    <ClInclude Include="..\..\public\filesystem.h">
      <Filter>Header Files\Public Header Files</Filter>
    </ClInclude>
    <ClInclude Include="..\..\public\filesystem_helpers.h">
      <Filter>Header Files\Public Header Files</Filter>
    </ClInclude>
    <ClInclude Include="..\..\public\GameBSPFile.h">
      <Filter>Header Files\Public Header Files</Filter>
    </ClInclude>
    <ClInclude Include="..\..\public\gametrace.h">
      <Filter>Header Files\Public Header Files</Filter>
    </ClInclude>
    <ClInclude Include="..\..\public\mathlib\halton.h">
      <Filter>Header Files\Public Header Files</Filter>
    </ClInclude>
    <ClInclude Include="..\..\public\materialsystem\hardwareverts.h">
      <Filter>Header Files\Public Header Files</Filter>
    </ClInclude>
    <ClInclude Include="..\..\public\appframework\IAppSystem.h">
      <Filter>Header Files\Public Header Files</Filter>
    </ClInclude>
    <ClInclude Include="..\..\public\tier0\icommandline.h">
      <Filter>Header Files\Public Header Files</Filter>
    </ClInclude>
    <ClInclude Include="..\..\public\ihandleentity.h">
      <Filter>Header Files\Public Header Files</Filter>
    </ClInclude>
    <ClInclude Include="..\..\public\materialsystem\imaterial.h">
      <Filter>Header Files\Public Header Files</Filter>
    </ClInclude>
    <ClInclude Include="..\..\public\materialsystem\imaterialsystem.h">
      <Filter>Header Files\Public Header Files</Filter>
    </ClInclude>
    <ClInclude Include="..\..\public\materialsystem\imaterialvar.h">
      <Filter>Header Files\Public Header Files</Filter>
    </ClInclude>
    <ClInclude Include="..\..\public\tier1\interface.h">
      <Filter>Header Files\Public Header Files</Filter>
    </ClInclude>
    <ClInclude Include="..\..\public\iscratchpad3d.h">
      <Filter>Header Files\Public Header Files</Filter>
    </ClInclude>
    <ClInclude Include="..\..\public\ivraddll.h">
      <Filter>Header Files\Public Header Files</Filter>
    </ClInclude>
    <ClInclude Include="..\..\public\materialsystem\materialsystem_config.h">
      <Filter>Header Files\Public Header Files</Filter>
    </ClInclude>
    <ClInclude Include="..\..\public\mathlib\mathlib.h">
      <Filter>Header Files\Public Header Files</Filter>
    </ClInclude>
    <ClInclude Include="..\..\public\tier0\memdbgon.h">
      <Filter>Header Files\Public Header Files</Filter>
    </ClInclude>
    <ClInclude Include="..\..\public\optimize.h">
      <Filter>Header Files\Public Header Files</Filter>
    </ClInclude>
    <ClInclude Include="..\..\public\phyfile.h">
      <Filter>Header Files\Public Header Files</Filter>
    </ClInclude>
    <ClInclude Include="..\common\physdll.h">
      <Filter>Header Files\Public Header Files</Filter>
    </ClInclude>
    <ClInclude Include="..\..\public\tier0\platform.h">
      <Filter>Header Files\Public Header Files</Filter>
    </ClInclude>
    <ClInclude Include="..\..\public\tier0\protected_things.h">
      <Filter>Header Files\Public Header Files</Filter>
    </ClInclude>
    <ClInclude Include="..\..\public\vstdlib\random.h">
      <Filter>Header Files\Public Header Files</Filter>
    </ClInclude>
    <ClInclude Include="..\..\public\ScratchPad3D.h">
      <Filter>Header Files\Public Header Files</Filter>
    </ClInclude>
    <ClInclude Include="..\..\public\ScratchPadUtils.h">
      <Filter>Header Files\Public Header Files</Filter>
    </ClInclude>
    <ClInclude Include="..\..\public\string_t.h">
      <Filter>Header Files\Public Header Files</Filter>
    </ClInclude>
    <ClInclude Include="..\..\public\tier1\strtools.h">
      <Filter>Header Files\Public Header Files</Filter>
    </ClInclude>
    <ClInclude Include="..\..\public\studio.h">
      <Filter>Header Files\Public Header Files</Filter>
    </ClInclude>
    <ClInclude Include="..\..\public\tier1\tokenreader.h">
      <Filter>Header Files\Public Header Files</Filter>
    </ClInclude>
    <ClInclude Include="..\..\public\trace.h">
      <Filter>Header Files\Public Header Files</Filter>
    </ClInclude>
    <ClInclude Include="..\..\public\tier1\utlbuffer.h">
      <Filter>Header Files\Public Header Files</Filter>
    </ClInclude>
    <ClInclude Include="..\..\public\tier1\utldict.h">
      <Filter>Header Files\Public Header Files</Filter>
    </ClInclude>
    <ClInclude Include="..\..\public\tier1\utlhash.h">
      <Filter>Header Files\Public Header Files</Filter>
    </ClInclude>
    <ClInclude Include="..\..\public\tier1\utllinkedlist.h">
      <Filter>Header Files\Public Header Files</Filter>
    </ClInclude>
    <ClInclude Include="..\..\public\tier1\utlmemory.h">
      <Filter>Header Files\Public Header Files</Filter>
    </ClInclude>
    <ClInclude Include="..\..\public\tier1\utlrbtree.h">
      <Filter>Header Files\Public Header Files</Filter>
    </ClInclude>
    <ClInclude Include="..\..\public\tier1\utlsymbol.h">
      <Filter>Header Files\Public Header Files</Filter>
    </ClInclude>
    <ClInclude Include="..\..\public\tier1\utlvector.h">
      <Filter>Header Files\Public Header Files</Filter>
    </ClInclude>
    <ClInclude Include="..\..\public\vcollide.h">
      <Filter>Header Files\Public Header Files</Filter>
    </ClInclude>
    <ClInclude Include="..\..\public\mathlib\vector.h">
      <Filter>Header Files\Public Header Files</Filter>
    </ClInclude>
    <ClInclude Include="..\..\public\mathlib\vector2d.h">
      <Filter>Header Files\Public Header Files</Filter>
    </ClInclude>
    <ClInclude Include="..\..\public\mathlib\vector4d.h">
      <Filter>Header Files\Public Header Files</Filter>
    </ClInclude>
    <ClInclude Include="..\..\public\mathlib\vmatrix.h">
      <Filter>Header Files\Public Header Files</Filter>
    </ClInclude>
    <ClInclude Include="..\..\public\vphysics_interface.h">
      <Filter>Header Files\Public Header Files</Filter>
    </ClInclude>
    <ClInclude Include="..\..\public\mathlib\vplane.h">
      <Filter>Header Files\Public Header Files</Filter>
    </ClInclude>
    <ClInclude Include="..\..\public\tier0\vprof.h">
      <Filter>Header Files\Public Header Files</Filter>
    </ClInclude>
    <ClInclude Include="..\..\public\vstdlib\vstdlib.h">
      <Filter>Header Files\Public Header Files</Filter>
    </ClInclude>
    <ClInclude Include="..\..\public\vtf\vtf.h">
      <Filter>Header Files\Public Header Files</Filter>
    </ClInclude>
    <ClInclude Include="..\..\public\wadtypes.h">
      <Filter>Header Files\Public Header Files</Filter>
    </ClInclude>
    <ClInclude Include="..\..\public\worldsize.h">
      <Filter>Header Files\Public Header Files</Filter>
    </ClInclude>
    <ClInclude Include="..\common\tools_minidump.h">
      <Filter>Source Files\Common Files</Filter>
    </ClInclude>
  </ItemGroup>
  <ItemGroup >
    <ClCompile Include="..\..\public\BSPTreeData.cpp">
      <Filter>Source Files</Filter>
    </ClCompile>
    <ClCompile Include="..\..\public\disp_common.cpp">
      <Filter>Source Files</Filter>
    </ClCompile>
    <ClCompile Include="..\..\public\disp_powerinfo.cpp">
      <Filter>Source Files</Filter>
    </ClCompile>
    <ClCompile Include="disp_vrad.cpp">
      <Filter>Source Files</Filter>
    </ClCompile>
    <ClCompile Include="..\..\public\filesystem_init.cpp">
      <Filter>Source Files</Filter>
    </ClCompile>
    <ClCompile Include="..\common\filesystem_tools.cpp">
      <Filter>Source Files</Filter>
    </ClCompile>
    <ClCompile Include="imagepacker.cpp">
      <Filter>Source Files</Filter>
    </ClCompile>
    <ClCompile Include="incremental.cpp">
      <Filter>Source Files</Filter>
    </ClCompile>
    <ClCompile Include="leaf_ambient_lighting.cpp">
      <Filter>Source Files</Filter>
    </ClCompile>
    <ClCompile Include="lightmap.cpp">
      <Filter>Source Files</Filter>
    </ClCompile>
    <ClCompile Include="..\..\public\loadcmdline.cpp">
      <Filter>Source Files</Filter>
    </ClCompile>
    <ClCompile Include="..\..\public\lumpfiles.cpp">
      <Filter>Source Files</Filter>
    </ClCompile>
    <ClCompile Include="macro_texture.cpp">
      <Filter>Source Files</Filter>
    </ClCompile>
    <ClCompile Include="..\..\public\tier0\memoverride.cpp">
      <Filter>Source Files</Filter>
    </ClCompile>
    <ClCompile Include="..\common\MySqlDatabase.cpp">
      <Filter>Source Files</Filter>
    </ClCompile>
    <ClCompile Include="..\common\pacifier.cpp">
      <Filter>Source Files</Filter>
    </ClCompile>
    <ClCompile Include="..\common\physdll.cpp">
      <Filter>Source Files</Filter>
    </ClCompile>
    <ClCompile Include="radial.cpp">
      <Filter>Source Files</Filter>
    </ClCompile>
    <ClCompile Include="SampleHash.cpp">
      <Filter>Source Files</Filter>
    </ClCompile>
    <ClCompile Include="trace.cpp">
      <Filter>Source Files</Filter>
    </ClCompile>
    <ClCompile Include="..\common\utilmatlib.cpp">
      <Filter>Source Files</Filter>
    </ClCompile>
    <ClCompile Include="vismat.cpp">
      <Filter>Source Files</Filter>
    </ClCompile>
    <ClCompile Include="vrad.cpp">
      <Filter>Source Files</Filter>
    </ClCompile>
    <ClCompile Include="VRAD_DispColl.cpp">
      <Filter>Source Files</Filter>
    </ClCompile>
    <ClCompile Include="VradDetailProps.cpp">
      <Filter>Source Files</Filter>
    </ClCompile>
    <ClCompile Include="VRadDisps.cpp">
      <Filter>Source Files</Filter>
    </ClCompile>
    <ClCompile Include="vraddll.cpp">
      <Filter>Source Files</Filter>
    </ClCompile>
    <ClCompile Include="VRadStaticProps.cpp">
      <Filter>Source Files</Filter>
    </ClCompile>
    <ClCompile Include="..\..\public\zip_utils.cpp">
      <Filter>Source Files</Filter>
    </ClCompile>
    <ClCompile Include="..\common\bsplib.cpp">
      <Filter>Source Files\Common Files</Filter>
    </ClCompile>
    <ClCompile Include="..\..\public\builddisp.cpp">
      <Filter>Source Files\Common Files</Filter>
    </ClCompile>
    <ClCompile Include="..\..\public\ChunkFile.cpp">
      <Filter>Source Files\Common Files</Filter>
    </ClCompile>
    <ClCompile Include="..\common\cmdlib.cpp">
      <Filter>Source Files\Common Files</Filter>
    </ClCompile>
    <ClCompile Include="..\..\public\DispColl_Common.cpp">
      <Filter>Source Files\Common Files</Filter>
    </ClCompile>
    <ClCompile Include="..\common\map_shared.cpp">
      <Filter>Source Files\Common Files</Filter>
    </ClCompile>
    <ClCompile Include="..\common\polylib.cpp">
      <Filter>Source Files\Common Files</Filter>
    </ClCompile>
    <ClCompile Include="..\common\scriplib.cpp">
      <Filter>Source Files\Common Files</Filter>
    </ClCompile>
    <ClCompile Include="..\common\threads.cpp">
      <Filter>Source Files\Common Files</Filter>
    </ClCompile>
    <ClCompile Include="..\common\tools_minidump.cpp">
      <Filter>Source Files\Common Files</Filter>
    </ClCompile>
    <ClCompile Include="..\..\public\CollisionUtils.cpp">
      <Filter>Source Files\Public Files</Filter>
    </ClCompile>
    <ClCompile Include="..\..\public\filesystem_helpers.cpp">
      <Filter>Source Files\Public Files</Filter>
    </ClCompile>
    <ClCompile Include="..\..\public\ScratchPad3D.cpp">
      <Filter>Source Files\Public Files</Filter>
    </ClCompile>
    <ClCompile Include="..\..\public\ScratchPadUtils.cpp">
      <Filter>Source Files\Public Files</Filter>
    </ClCompile>
  </ItemGroup>
  <ItemGroup  />
  <ItemGroup  />
  <ItemGroup >
    <None Include="notes.txt">
      <Filter />    </None>
    <None Include="..\..\vpc_scripts\loadaddress.vpc">
      <Filter>VPC Scripts</Filter>
    </None>
    <None Include="_vpc_\manifest_vrad_dll\win64\manifest.txt">
      <Filter>VPC Scripts</Filter>
    </None>
    <None Include="..\..\vpc_scripts\platform_dirs.vpc">
      <Filter>VPC Scripts</Filter>
    </None>
    <None Include="..\..\vpc_scripts\source_base.vpc">
      <Filter>VPC Scripts</Filter>
    </None>
    <None Include="..\..\vpc_scripts\source_dll_base.vpc">
      <Filter>VPC Scripts</Filter>
    </None>
    <None Include="..\..\vpc_scripts\source_dll_win32_base.vpc">
      <Filter>VPC Scripts</Filter>
    </None>
    <None Include="..\..\vpc_scripts\source_dll_win32_debug.vpc">
      <Filter>VPC Scripts</Filter>
    </None>
    <None Include="..\..\vpc_scripts\source_dll_win32_release.vpc">
      <Filter>VPC Scripts</Filter>
    </None>
    <None Include="..\..\vpc_scripts\source_video_base.vpc">
      <Filter>VPC Scripts</Filter>
    </None>
    <None Include="..\..\vpc_scripts\source_win32_base.vpc">
      <Filter>VPC Scripts</Filter>
    </None>
    <None Include="..\..\vpc_scripts\version.vpc">
      <Filter>VPC Scripts</Filter>
    </None>
    <None Include="vrad_dll.vpc">
      <Filter>VPC Scripts</Filter>
    </None>
  </ItemGroup>
</Project>
