
Microsoft Visual Studio Solution File, Format Version 12.00
# Visual Studio Version 17
VisualStudioVersion = 17.14.36310.24 d17.14
MinimumVisualStudioVersion = 10.0.40219.1
Project("{8BC9CEB8-8B4A-11D0-8D11-00A0C91BC942}") = "Client (HL2MP)", "game\client\client_win64_hl2mp.vcxproj", "{9FAF1D34-5CB8-FE30-8550-6B2D1235E43C}"
	ProjectSection(ProjectDependencies) = postProject
		{B3B0E171-C7B1-7BE0-4D0E-2F4B370C6085} = {B3B0E171-C7B1-7BE0-4D0E-2F4B370C6085}
		{828C3732-A756-0859-128C-EEE197D4D7D1} = {828C3732-A756-0859-128C-EEE197D4D7D1}
		{ABFCC7A6-84D6-E359-05BF-BDC09C31002D} = {ABFCC7A6-84D6-E359-05BF-BDC09C31002D}
		{35DD6437-BD06-AE5A-9B68-A3CEAF664928} = {35DD6437-BD06-AE5A-9B68-A3CEAF664928}
	EndProjectSection
EndProject
Project("{8BC9CEB8-8B4A-11D0-8D11-00A0C91BC942}") = "Caption Compiler", "utils\captioncompiler\captioncompiler_win64.vcxproj", "{D6E31339-3C83-3F8D-0276-836B228AD065}"
	ProjectSection(ProjectDependencies) = postProject
		{B3B0E171-C7B1-7BE0-4D0E-2F4B370C6085} = {B3B0E171-C7B1-7BE0-4D0E-2F4B370C6085}
		{ABFCC7A6-84D6-E359-05BF-BDC09C31002D} = {ABFCC7A6-84D6-E359-05BF-BDC09C31002D}
	EndProjectSection
EndProject
Project("{8BC9CEB8-8B4A-11D0-8D11-00A0C91BC942}") = "fgdlib", "fgdlib\fgdlib_win64.vcxproj", "{C663E37A-E7E6-842D-215D-5819CF9A9E46}"
EndProject
Project("{8BC9CEB8-8B4A-11D0-8D11-00A0C91BC942}") = "GL View", "utils\glview\glview_win64.vcxproj", "{0535F31C-5434-1DC4-E276-05C5F9B89039}"
	ProjectSection(ProjectDependencies) = postProject
		{B3B0E171-C7B1-7BE0-4D0E-2F4B370C6085} = {B3B0E171-C7B1-7BE0-4D0E-2F4B370C6085}
		{ABFCC7A6-84D6-E359-05BF-BDC09C31002D} = {ABFCC7A6-84D6-E359-05BF-BDC09C31002D}
	EndProjectSection
EndProject
Project("{8BC9CEB8-8B4A-11D0-8D11-00A0C91BC942}") = "Height2Normal", "utils\height2normal\height2normal_win64.vcxproj", "{9FABF3DF-73AB-22F1-1231-D2745E85639F}"
	ProjectSection(ProjectDependencies) = postProject
		{B3B0E171-C7B1-7BE0-4D0E-2F4B370C6085} = {B3B0E171-C7B1-7BE0-4D0E-2F4B370C6085}
		{ABFCC7A6-84D6-E359-05BF-BDC09C31002D} = {ABFCC7A6-84D6-E359-05BF-BDC09C31002D}
	EndProjectSection
EndProject
Project("{8BC9CEB8-8B4A-11D0-8D11-00A0C91BC942}") = "Launcher Main (Mod HL2MP)", "launcher_main\launcher_main_win64_hl2mp.vcxproj", "{CCE8E5A0-4F13-6478-E5EB-ABFBD1D53091}"
EndProject
Project("{8BC9CEB8-8B4A-11D0-8D11-00A0C91BC942}") = "mathlib", "mathlib\mathlib_win64.vcxproj", "{B3B0E171-C7B1-7BE0-4D0E-2F4B370C6085}"
EndProject
Project("{8BC9CEB8-8B4A-11D0-8D11-00A0C91BC942}") = "matsys_controls", "vgui2\matsys_controls\matsys_controls_win64.vcxproj", "{828C3732-A756-0859-128C-EEE197D4D7D1}"
EndProject
Project("{8BC9CEB8-8B4A-11D0-8D11-00A0C91BC942}") = "Motion Mapper", "utils\motionmapper\motionmapper_win64.vcxproj", "{9CBDF2C8-A7F0-D19B-2072-B51E442C93AD}"
	ProjectSection(ProjectDependencies) = postProject
		{B3B0E171-C7B1-7BE0-4D0E-2F4B370C6085} = {B3B0E171-C7B1-7BE0-4D0E-2F4B370C6085}
		{ABFCC7A6-84D6-E359-05BF-BDC09C31002D} = {ABFCC7A6-84D6-E359-05BF-BDC09C31002D}
	EndProjectSection
EndProject
Project("{8BC9CEB8-8B4A-11D0-8D11-00A0C91BC942}") = "QC Eyes", "utils\qc_eyes\qc_eyes_win64.vcxproj", "{A4D0A120-7C78-A069-7599-7B2ADF29A77D}"
	ProjectSection(ProjectDependencies) = postProject
		{ABFCC7A6-84D6-E359-05BF-BDC09C31002D} = {ABFCC7A6-84D6-E359-05BF-BDC09C31002D}
	EndProjectSection
EndProject
Project("{8BC9CEB8-8B4A-11D0-8D11-00A0C91BC942}") = "Raytrace", "raytrace\raytrace_win64.vcxproj", "{A044B9B3-572B-23D3-5476-077522D12335}"
EndProject
Project("{8BC9CEB8-8B4A-11D0-8D11-00A0C91BC942}") = "Server (HL2MP)", "game\server\server_win64_hl2mp.vcxproj", "{AED1535C-DB87-D310-6832-5C01D38498A3}"
	ProjectSection(ProjectDependencies) = postProject
		{B3B0E171-C7B1-7BE0-4D0E-2F4B370C6085} = {B3B0E171-C7B1-7BE0-4D0E-2F4B370C6085}
		{ABFCC7A6-84D6-E359-05BF-BDC09C31002D} = {ABFCC7A6-84D6-E359-05BF-BDC09C31002D}
	EndProjectSection
EndProject
Project("{8BC9CEB8-8B4A-11D0-8D11-00A0C91BC942}") = "Server Plugin (Empty)", "utils\serverplugin_sample\serverplugin_empty_win64.vcxproj", "{FCD79136-C7D5-EDFB-0337-2886661AD318}"
	ProjectSection(ProjectDependencies) = postProject
		{B3B0E171-C7B1-7BE0-4D0E-2F4B370C6085} = {B3B0E171-C7B1-7BE0-4D0E-2F4B370C6085}
		{ABFCC7A6-84D6-E359-05BF-BDC09C31002D} = {ABFCC7A6-84D6-E359-05BF-BDC09C31002D}
	EndProjectSection
EndProject
Project("{8BC9CEB8-8B4A-11D0-8D11-00A0C91BC942}") = "TGA Diff", "utils\tgadiff\tgadiff_win64.vcxproj", "{C5820D93-AE2E-7B00-73B4-21CC33962240}"
	ProjectSection(ProjectDependencies) = postProject
		{B3B0E171-C7B1-7BE0-4D0E-2F4B370C6085} = {B3B0E171-C7B1-7BE0-4D0E-2F4B370C6085}
		{ABFCC7A6-84D6-E359-05BF-BDC09C31002D} = {ABFCC7A6-84D6-E359-05BF-BDC09C31002D}
	EndProjectSection
EndProject
Project("{8BC9CEB8-8B4A-11D0-8D11-00A0C91BC942}") = "tier1", "tier1\tier1_win64.vcxproj", "{ABFCC7A6-84D6-E359-05BF-BDC09C31002D}"
EndProject
Project("{8BC9CEB8-8B4A-11D0-8D11-00A0C91BC942}") = "VBSP", "utils\vbsp\vbsp_win64.vcxproj", "{0F0366B9-C669-EADC-A8A7-9E347543FDED}"
	ProjectSection(ProjectDependencies) = postProject
		{C663E37A-E7E6-842D-215D-5819CF9A9E46} = {C663E37A-E7E6-842D-215D-5819CF9A9E46}
		{B3B0E171-C7B1-7BE0-4D0E-2F4B370C6085} = {B3B0E171-C7B1-7BE0-4D0E-2F4B370C6085}
		{ABFCC7A6-84D6-E359-05BF-BDC09C31002D} = {ABFCC7A6-84D6-E359-05BF-BDC09C31002D}
	EndProjectSection
EndProject
Project("{8BC9CEB8-8B4A-11D0-8D11-00A0C91BC942}") = "VGUI Controls", "vgui2\vgui_controls\vgui_controls_win64.vcxproj", "{35DD6437-BD06-AE5A-9B68-A3CEAF664928}"
EndProject
Project("{8BC9CEB8-8B4A-11D0-8D11-00A0C91BC942}") = "Vice", "utils\vice\vice_win64.vcxproj", "{D5CE354B-D6E6-90A7-749A-9C953F266124}"
	ProjectSection(ProjectDependencies) = postProject
		{B3B0E171-C7B1-7BE0-4D0E-2F4B370C6085} = {B3B0E171-C7B1-7BE0-4D0E-2F4B370C6085}
		{ABFCC7A6-84D6-E359-05BF-BDC09C31002D} = {ABFCC7A6-84D6-E359-05BF-BDC09C31002D}
	EndProjectSection
EndProject
Project("{8BC9CEB8-8B4A-11D0-8D11-00A0C91BC942}") = "VRAD", "utils\vrad\vrad_dll_win64.vcxproj", "{0FE281EF-67EC-4F7B-5F99-99CEC90C48EF}"
	ProjectSection(ProjectDependencies) = postProject
		{B3B0E171-C7B1-7BE0-4D0E-2F4B370C6085} = {B3B0E171-C7B1-7BE0-4D0E-2F4B370C6085}
		{A044B9B3-572B-23D3-5476-077522D12335} = {A044B9B3-572B-23D3-5476-077522D12335}
		{ABFCC7A6-84D6-E359-05BF-BDC09C31002D} = {ABFCC7A6-84D6-E359-05BF-BDC09C31002D}
	EndProjectSection
EndProject
Project("{8BC9CEB8-8B4A-11D0-8D11-00A0C91BC942}") = "VRAD (Launcher)", "utils\vrad_launcher\vrad_launcher_win64.vcxproj", "{4CCFB3DD-92DF-F02E-A30F-BF9E6E4E7CA1}"
	ProjectSection(ProjectDependencies) = postProject
		{ABFCC7A6-84D6-E359-05BF-BDC09C31002D} = {ABFCC7A6-84D6-E359-05BF-BDC09C31002D}
	EndProjectSection
EndProject
Project("{8BC9CEB8-8B4A-11D0-8D11-00A0C91BC942}") = "VTF2TGA", "utils\vtf2tga\vtf2tga_win64.vcxproj", "{1912CDF2-0669-0D27-80D0-53118D47FCFE}"
	ProjectSection(ProjectDependencies) = postProject
		{B3B0E171-C7B1-7BE0-4D0E-2F4B370C6085} = {B3B0E171-C7B1-7BE0-4D0E-2F4B370C6085}
		{ABFCC7A6-84D6-E359-05BF-BDC09C31002D} = {ABFCC7A6-84D6-E359-05BF-BDC09C31002D}
	EndProjectSection
EndProject
Project("{8BC9CEB8-8B4A-11D0-8D11-00A0C91BC942}") = "VTF Diff", "utils\vtfdiff\vtfdiff_win64.vcxproj", "{90E65F73-85C7-7BFF-538C-D7EC8450E27F}"
	ProjectSection(ProjectDependencies) = postProject
		{B3B0E171-C7B1-7BE0-4D0E-2F4B370C6085} = {B3B0E171-C7B1-7BE0-4D0E-2F4B370C6085}
		{ABFCC7A6-84D6-E359-05BF-BDC09C31002D} = {ABFCC7A6-84D6-E359-05BF-BDC09C31002D}
	EndProjectSection
EndProject
Project("{8BC9CEB8-8B4A-11D0-8D11-00A0C91BC942}") = "VVIS", "utils\vvis\vvis_dll_win64.vcxproj", "{ECB8B679-3CDD-8136-F54C-E23F014C6D10}"
	ProjectSection(ProjectDependencies) = postProject
		{B3B0E171-C7B1-7BE0-4D0E-2F4B370C6085} = {B3B0E171-C7B1-7BE0-4D0E-2F4B370C6085}
		{ABFCC7A6-84D6-E359-05BF-BDC09C31002D} = {ABFCC7A6-84D6-E359-05BF-BDC09C31002D}
	EndProjectSection
EndProject
Project("{8BC9CEB8-8B4A-11D0-8D11-00A0C91BC942}") = "VVIS (Launcher)", "utils\vvis_launcher\vvis_launcher_win64.vcxproj", "{E9B33E37-EDB7-E1ED-D55E-842BE4C27737}"
	ProjectSection(ProjectDependencies) = postProject
		{ABFCC7A6-84D6-E359-05BF-BDC09C31002D} = {ABFCC7A6-84D6-E359-05BF-BDC09C31002D}
	EndProjectSection
EndProject
Project("{8BC9CEB8-8B4A-11D0-8D11-00A0C91BC942}") = "Game Shaders (HL2MP)", "materialsystem\stdshaders\game_shader_generic_example_win64_hl2mp.vcxproj", "{C8C5DF71-C21B-5E5D-3A05-754730426C7E}"
	ProjectSection(ProjectDependencies) = postProject
		{B3B0E171-C7B1-7BE0-4D0E-2F4B370C6085} = {B3B0E171-C7B1-7BE0-4D0E-2F4B370C6085}
		{ABFCC7A6-84D6-E359-05BF-BDC09C31002D} = {ABFCC7A6-84D6-E359-05BF-BDC09C31002D}
	EndProjectSection
EndProject
Global
	GlobalSection(SolutionConfigurationPlatforms) = preSolution
		Debug|win64 = Debug|win64
		Release|win64 = Release|win64
	EndGlobalSection
	GlobalSection(ProjectConfigurationPlatforms) = postSolution
		{9FAF1D34-5CB8-FE30-8550-6B2D1235E43C}.Debug|win64.ActiveCfg = Debug|x64
		{9FAF1D34-5CB8-FE30-8550-6B2D1235E43C}.Debug|win64.Build.0 = Debug|x64
		{9FAF1D34-5CB8-FE30-8550-6B2D1235E43C}.Release|win64.ActiveCfg = Release|x64
		{9FAF1D34-5CB8-FE30-8550-6B2D1235E43C}.Release|win64.Build.0 = Release|x64
		{D6E31339-3C83-3F8D-0276-836B228AD065}.Debug|win64.ActiveCfg = Debug|x64
		{D6E31339-3C83-3F8D-0276-836B228AD065}.Debug|win64.Build.0 = Debug|x64
		{D6E31339-3C83-3F8D-0276-836B228AD065}.Release|win64.ActiveCfg = Release|x64
		{D6E31339-3C83-3F8D-0276-836B228AD065}.Release|win64.Build.0 = Release|x64
		{C663E37A-E7E6-842D-215D-5819CF9A9E46}.Debug|win64.ActiveCfg = Debug|x64
		{C663E37A-E7E6-842D-215D-5819CF9A9E46}.Debug|win64.Build.0 = Debug|x64
		{C663E37A-E7E6-842D-215D-5819CF9A9E46}.Release|win64.ActiveCfg = Release|x64
		{C663E37A-E7E6-842D-215D-5819CF9A9E46}.Release|win64.Build.0 = Release|x64
		{0535F31C-5434-1DC4-E276-05C5F9B89039}.Debug|win64.ActiveCfg = Debug|x64
		{0535F31C-5434-1DC4-E276-05C5F9B89039}.Debug|win64.Build.0 = Debug|x64
		{0535F31C-5434-1DC4-E276-05C5F9B89039}.Release|win64.ActiveCfg = Release|x64
		{0535F31C-5434-1DC4-E276-05C5F9B89039}.Release|win64.Build.0 = Release|x64
		{9FABF3DF-73AB-22F1-1231-D2745E85639F}.Debug|win64.ActiveCfg = Debug|x64
		{9FABF3DF-73AB-22F1-1231-D2745E85639F}.Debug|win64.Build.0 = Debug|x64
		{9FABF3DF-73AB-22F1-1231-D2745E85639F}.Release|win64.ActiveCfg = Release|x64
		{9FABF3DF-73AB-22F1-1231-D2745E85639F}.Release|win64.Build.0 = Release|x64
		{CCE8E5A0-4F13-6478-E5EB-ABFBD1D53091}.Debug|win64.ActiveCfg = Debug|x64
		{CCE8E5A0-4F13-6478-E5EB-ABFBD1D53091}.Debug|win64.Build.0 = Debug|x64
		{CCE8E5A0-4F13-6478-E5EB-ABFBD1D53091}.Release|win64.ActiveCfg = Release|x64
		{CCE8E5A0-4F13-6478-E5EB-ABFBD1D53091}.Release|win64.Build.0 = Release|x64
		{B3B0E171-C7B1-7BE0-4D0E-2F4B370C6085}.Debug|win64.ActiveCfg = Debug|x64
		{B3B0E171-C7B1-7BE0-4D0E-2F4B370C6085}.Debug|win64.Build.0 = Debug|x64
		{B3B0E171-C7B1-7BE0-4D0E-2F4B370C6085}.Release|win64.ActiveCfg = Release|x64
		{B3B0E171-C7B1-7BE0-4D0E-2F4B370C6085}.Release|win64.Build.0 = Release|x64
		{828C3732-A756-0859-128C-EEE197D4D7D1}.Debug|win64.ActiveCfg = Debug|x64
		{828C3732-A756-0859-128C-EEE197D4D7D1}.Debug|win64.Build.0 = Debug|x64
		{828C3732-A756-0859-128C-EEE197D4D7D1}.Release|win64.ActiveCfg = Release|x64
		{828C3732-A756-0859-128C-EEE197D4D7D1}.Release|win64.Build.0 = Release|x64
		{9CBDF2C8-A7F0-D19B-2072-B51E442C93AD}.Debug|win64.ActiveCfg = Debug|x64
		{9CBDF2C8-A7F0-D19B-2072-B51E442C93AD}.Debug|win64.Build.0 = Debug|x64
		{9CBDF2C8-A7F0-D19B-2072-B51E442C93AD}.Release|win64.ActiveCfg = Release|x64
		{9CBDF2C8-A7F0-D19B-2072-B51E442C93AD}.Release|win64.Build.0 = Release|x64
		{A4D0A120-7C78-A069-7599-7B2ADF29A77D}.Debug|win64.ActiveCfg = Debug|x64
		{A4D0A120-7C78-A069-7599-7B2ADF29A77D}.Debug|win64.Build.0 = Debug|x64
		{A4D0A120-7C78-A069-7599-7B2ADF29A77D}.Release|win64.ActiveCfg = Release|x64
		{A4D0A120-7C78-A069-7599-7B2ADF29A77D}.Release|win64.Build.0 = Release|x64
		{A044B9B3-572B-23D3-5476-077522D12335}.Debug|win64.ActiveCfg = Debug|x64
		{A044B9B3-572B-23D3-5476-077522D12335}.Debug|win64.Build.0 = Debug|x64
		{A044B9B3-572B-23D3-5476-077522D12335}.Release|win64.ActiveCfg = Release|x64
		{A044B9B3-572B-23D3-5476-077522D12335}.Release|win64.Build.0 = Release|x64
		{AED1535C-DB87-D310-6832-5C01D38498A3}.Debug|win64.ActiveCfg = Debug|x64
		{AED1535C-DB87-D310-6832-5C01D38498A3}.Debug|win64.Build.0 = Debug|x64
		{AED1535C-DB87-D310-6832-5C01D38498A3}.Release|win64.ActiveCfg = Release|x64
		{AED1535C-DB87-D310-6832-5C01D38498A3}.Release|win64.Build.0 = Release|x64
		{FCD79136-C7D5-EDFB-0337-2886661AD318}.Debug|win64.ActiveCfg = Debug|x64
		{FCD79136-C7D5-EDFB-0337-2886661AD318}.Debug|win64.Build.0 = Debug|x64
		{FCD79136-C7D5-EDFB-0337-2886661AD318}.Release|win64.ActiveCfg = Release|x64
		{FCD79136-C7D5-EDFB-0337-2886661AD318}.Release|win64.Build.0 = Release|x64
		{C5820D93-AE2E-7B00-73B4-21CC33962240}.Debug|win64.ActiveCfg = Debug|x64
		{C5820D93-AE2E-7B00-73B4-21CC33962240}.Debug|win64.Build.0 = Debug|x64
		{C5820D93-AE2E-7B00-73B4-21CC33962240}.Release|win64.ActiveCfg = Release|x64
		{C5820D93-AE2E-7B00-73B4-21CC33962240}.Release|win64.Build.0 = Release|x64
		{ABFCC7A6-84D6-E359-05BF-BDC09C31002D}.Debug|win64.ActiveCfg = Debug|x64
		{ABFCC7A6-84D6-E359-05BF-BDC09C31002D}.Debug|win64.Build.0 = Debug|x64
		{ABFCC7A6-84D6-E359-05BF-BDC09C31002D}.Release|win64.ActiveCfg = Release|x64
		{ABFCC7A6-84D6-E359-05BF-BDC09C31002D}.Release|win64.Build.0 = Release|x64
		{0F0366B9-C669-EADC-A8A7-9E347543FDED}.Debug|win64.ActiveCfg = Debug|x64
		{0F0366B9-C669-EADC-A8A7-9E347543FDED}.Debug|win64.Build.0 = Debug|x64
		{0F0366B9-C669-EADC-A8A7-9E347543FDED}.Release|win64.ActiveCfg = Release|x64
		{0F0366B9-C669-EADC-A8A7-9E347543FDED}.Release|win64.Build.0 = Release|x64
		{35DD6437-BD06-AE5A-9B68-A3CEAF664928}.Debug|win64.ActiveCfg = Debug|x64
		{35DD6437-BD06-AE5A-9B68-A3CEAF664928}.Debug|win64.Build.0 = Debug|x64
		{35DD6437-BD06-AE5A-9B68-A3CEAF664928}.Release|win64.ActiveCfg = Release|x64
		{35DD6437-BD06-AE5A-9B68-A3CEAF664928}.Release|win64.Build.0 = Release|x64
		{D5CE354B-D6E6-90A7-749A-9C953F266124}.Debug|win64.ActiveCfg = Debug|x64
		{D5CE354B-D6E6-90A7-749A-9C953F266124}.Debug|win64.Build.0 = Debug|x64
		{D5CE354B-D6E6-90A7-749A-9C953F266124}.Release|win64.ActiveCfg = Release|x64
		{D5CE354B-D6E6-90A7-749A-9C953F266124}.Release|win64.Build.0 = Release|x64
		{0FE281EF-67EC-4F7B-5F99-99CEC90C48EF}.Debug|win64.ActiveCfg = Debug|x64
		{0FE281EF-67EC-4F7B-5F99-99CEC90C48EF}.Debug|win64.Build.0 = Debug|x64
		{0FE281EF-67EC-4F7B-5F99-99CEC90C48EF}.Release|win64.ActiveCfg = Release|x64
		{0FE281EF-67EC-4F7B-5F99-99CEC90C48EF}.Release|win64.Build.0 = Release|x64
		{4CCFB3DD-92DF-F02E-A30F-BF9E6E4E7CA1}.Debug|win64.ActiveCfg = Debug|x64
		{4CCFB3DD-92DF-F02E-A30F-BF9E6E4E7CA1}.Debug|win64.Build.0 = Debug|x64
		{4CCFB3DD-92DF-F02E-A30F-BF9E6E4E7CA1}.Release|win64.ActiveCfg = Release|x64
		{4CCFB3DD-92DF-F02E-A30F-BF9E6E4E7CA1}.Release|win64.Build.0 = Release|x64
		{1912CDF2-0669-0D27-80D0-53118D47FCFE}.Debug|win64.ActiveCfg = Debug|x64
		{1912CDF2-0669-0D27-80D0-53118D47FCFE}.Debug|win64.Build.0 = Debug|x64
		{1912CDF2-0669-0D27-80D0-53118D47FCFE}.Release|win64.ActiveCfg = Release|x64
		{1912CDF2-0669-0D27-80D0-53118D47FCFE}.Release|win64.Build.0 = Release|x64
		{90E65F73-85C7-7BFF-538C-D7EC8450E27F}.Debug|win64.ActiveCfg = Debug|x64
		{90E65F73-85C7-7BFF-538C-D7EC8450E27F}.Debug|win64.Build.0 = Debug|x64
		{90E65F73-85C7-7BFF-538C-D7EC8450E27F}.Release|win64.ActiveCfg = Release|x64
		{90E65F73-85C7-7BFF-538C-D7EC8450E27F}.Release|win64.Build.0 = Release|x64
		{ECB8B679-3CDD-8136-F54C-E23F014C6D10}.Debug|win64.ActiveCfg = Debug|x64
		{ECB8B679-3CDD-8136-F54C-E23F014C6D10}.Debug|win64.Build.0 = Debug|x64
		{ECB8B679-3CDD-8136-F54C-E23F014C6D10}.Release|win64.ActiveCfg = Release|x64
		{ECB8B679-3CDD-8136-F54C-E23F014C6D10}.Release|win64.Build.0 = Release|x64
		{E9B33E37-EDB7-E1ED-D55E-842BE4C27737}.Debug|win64.ActiveCfg = Debug|x64
		{E9B33E37-EDB7-E1ED-D55E-842BE4C27737}.Debug|win64.Build.0 = Debug|x64
		{E9B33E37-EDB7-E1ED-D55E-842BE4C27737}.Release|win64.ActiveCfg = Release|x64
		{E9B33E37-EDB7-E1ED-D55E-842BE4C27737}.Release|win64.Build.0 = Release|x64
		{C8C5DF71-C21B-5E5D-3A05-754730426C7E}.Debug|win64.ActiveCfg = Debug|x64
		{C8C5DF71-C21B-5E5D-3A05-754730426C7E}.Debug|win64.Build.0 = Debug|x64
		{C8C5DF71-C21B-5E5D-3A05-754730426C7E}.Release|win64.ActiveCfg = Release|x64
		{C8C5DF71-C21B-5E5D-3A05-754730426C7E}.Release|win64.Build.0 = Release|x64
	EndGlobalSection
	GlobalSection(SolutionProperties) = preSolution
		HideSolutionNode = FALSE
	EndGlobalSection
EndGlobal
